version = 1
revision = 3
requires-python = ">=3.12"

[[package]]
name = "cosc481-final"
version = "0.1.0"
source = { virtual = "." }
dependencies = [
    { name = "pyray" },
]

[package.metadata]
requires-dist = [{ name = "pyray", specifier = ">=0.1.0" }]

[[package]]
name = "pyray"
version = "0.1.0"
source = { registry = "https://pypi.org/simple" }
sdist = { url = "https://files.pythonhosted.org/packages/ce/21/7a0167367ec62512ccc98795eef0c807f2ec2866f66e5fdba228e3bcfacb/pyray-0.1.0.tar.gz", hash = "sha256:6abd8ce68cf466f1594daa602c2ae4e9a19ce0b5acec907f78b0355234c73df5", size = 8850, upload-time = "2014-01-04T02:51:29.409Z" }
